
Microsoft Visual Studio Solution File, Format Version 12.00
# Visual Studio Version 17
VisualStudioVersion = 17.7.34031.279
MinimumVisualStudioVersion = 10.0.40219.1
Project("{FAE04EC0-301F-11D3-BF4B-00C04F79EFBC}") = "ImageProcessingActivity", "ImageProcessingActivity\ImageProcessingActivity.csproj", "{D1961481-C62D-4E8A-A56B-6A1BCAB09C93}"
EndProject
Global
	GlobalSection(SolutionConfigurationPlatforms) = preSolution
		Debug|Any CPU = Debug|Any CPU
		Release|Any CPU = Release|Any CPU
	EndGlobalSection
	GlobalSection(ProjectConfigurationPlatforms) = postSolution
		{D1961481-C62D-4E8A-A56B-6A1BCAB09C93}.Debug|Any CPU.ActiveCfg = Debug|Any CPU
		{D1961481-C62D-4E8A-A56B-6A1BCAB09C93}.Debug|Any CPU.Build.0 = Debug|Any CPU
		{D1961481-C62D-4E8A-A56B-6A1BCAB09C93}.Release|Any CPU.ActiveCfg = Release|Any CPU
		{D1961481-C62D-4E8A-A56B-6A1BCAB09C93}.Release|Any CPU.Build.0 = Release|Any CPU
	EndGlobalSection
	GlobalSection(SolutionProperties) = preSolution
		HideSolutionNode = FALSE
	EndGlobalSection
	GlobalSection(ExtensibilityGlobals) = postSolution
		SolutionGuid = {3E90927D-B0FF-4047-99A4-E22ADF2440D2}
	EndGlobalSection
EndGlobal
